// !$*UTF8*$!
{
	archiveVersion = 1;
	classes = {
	};
	objectVersion = 48;
	objects = {

/* Begin PBXBuildFile section */
		3F97DE8F11FD1E30A3B1AFE3 /* Pods_ForkMan.framework in Frameworks */ = {isa = PBXBuildFile; fileRef = D15D3941BC54D0650295A819 /* Pods_ForkMan.framework */; };
		C40ADDF71FC3BBEA00983D9F /* FMSnapKitViewController.swift in Sources */ = {isa = PBXBuildFile; fileRef = C40ADDF61FC3BBEA00983D9F /* FMSnapKitViewController.swift */; };
		C4C3F6681FC2C96D00AD65B7 /* AppDelegate.swift in Sources */ = {isa = PBXBuildFile; fileRef = C4C3F6671FC2C96D00AD65B7 /* AppDelegate.swift */; };
		C4C3F66F1FC2C96D00AD65B7 /* Assets.xcassets in Resources */ = {isa = PBXBuildFile; fileRef = C4C3F66E1FC2C96D00AD65B7 /* Assets.xcassets */; };
		C4C3F6721FC2C96D00AD65B7 /* LaunchScreen.storyboard in Resources */ = {isa = PBXBuildFile; fileRef = C4C3F6701FC2C96D00AD65B7 /* LaunchScreen.storyboard */; };
		C4C3F67A1FC2CA3D00AD65B7 /* FMRootViewController.swift in Sources */ = {isa = PBXBuildFile; fileRef = C4C3F6791FC2CA3D00AD65B7 /* FMRootViewController.swift */; };
		C4C3F67C1FC2D5B800AD65B7 /* FMFirstStateViewController.swift in Sources */ = {isa = PBXBuildFile; fileRef = C4C3F67B1FC2D5B800AD65B7 /* FMFirstStateViewController.swift */; };
		C4C3F67E1FC2DBEE00AD65B7 /* FMDelegateViewController.swift in Sources */ = {isa = PBXBuildFile; fileRef = C4C3F67D1FC2DBEE00AD65B7 /* FMDelegateViewController.swift */; };
		C4C3F6801FC2F19E00AD65B7 /* FMPostNotificationViewController.swift in Sources */ = {isa = PBXBuildFile; fileRef = C4C3F67F1FC2F19E00AD65B7 /* FMPostNotificationViewController.swift */; };
/* End PBXBuildFile section */

/* Begin PBXFileReference section */
		AE89E587CB16FF497CBE89DA /* Pods-ForkMan.debug.xcconfig */ = {isa = PBXFileReference; includeInIndex = 1; lastKnownFileType = text.xcconfig; name = "Pods-ForkMan.debug.xcconfig"; path = "Pods/Target Support Files/Pods-ForkMan/Pods-ForkMan.debug.xcconfig"; sourceTree = "<group>"; };
		BDC5AE98E89BD44CCC0C5253 /* Pods-ForkMan.release.xcconfig */ = {isa = PBXFileReference; includeInIndex = 1; lastKnownFileType = text.xcconfig; name = "Pods-ForkMan.release.xcconfig"; path = "Pods/Target Support Files/Pods-ForkMan/Pods-ForkMan.release.xcconfig"; sourceTree = "<group>"; };
		C40ADDF61FC3BBEA00983D9F /* FMSnapKitViewController.swift */ = {isa = PBXFileReference; lastKnownFileType = sourcecode.swift; path = FMSnapKitViewController.swift; sourceTree = "<group>"; };
		C4C3F6641FC2C96D00AD65B7 /* ForkMan.app */ = {isa = PBXFileReference; explicitFileType = wrapper.application; includeInIndex = 0; path = ForkMan.app; sourceTree = BUILT_PRODUCTS_DIR; };
		C4C3F6671FC2C96D00AD65B7 /* AppDelegate.swift */ = {isa = PBXFileReference; lastKnownFileType = sourcecode.swift; path = AppDelegate.swift; sourceTree = "<group>"; };
		C4C3F66E1FC2C96D00AD65B7 /* Assets.xcassets */ = {isa = PBXFileReference; lastKnownFileType = folder.assetcatalog; path = Assets.xcassets; sourceTree = "<group>"; };
		C4C3F6711FC2C96D00AD65B7 /* Base */ = {isa = PBXFileReference; lastKnownFileType = file.storyboard; name = Base; path = Base.lproj/LaunchScreen.storyboard; sourceTree = "<group>"; };
		C4C3F6731FC2C96D00AD65B7 /* Info.plist */ = {isa = PBXFileReference; lastKnownFileType = text.plist.xml; path = Info.plist; sourceTree = "<group>"; };
		C4C3F6791FC2CA3D00AD65B7 /* FMRootViewController.swift */ = {isa = PBXFileReference; lastKnownFileType = sourcecode.swift; path = FMRootViewController.swift; sourceTree = "<group>"; };
		C4C3F67B1FC2D5B800AD65B7 /* FMFirstStateViewController.swift */ = {isa = PBXFileReference; lastKnownFileType = sourcecode.swift; path = FMFirstStateViewController.swift; sourceTree = "<group>"; };
		C4C3F67D1FC2DBEE00AD65B7 /* FMDelegateViewController.swift */ = {isa = PBXFileReference; lastKnownFileType = sourcecode.swift; path = FMDelegateViewController.swift; sourceTree = "<group>"; };
		C4C3F67F1FC2F19E00AD65B7 /* FMPostNotificationViewController.swift */ = {isa = PBXFileReference; lastKnownFileType = sourcecode.swift; path = FMPostNotificationViewController.swift; sourceTree = "<group>"; };
		D15D3941BC54D0650295A819 /* Pods_ForkMan.framework */ = {isa = PBXFileReference; explicitFileType = wrapper.framework; includeInIndex = 0; path = Pods_ForkMan.framework; sourceTree = BUILT_PRODUCTS_DIR; };
/* End PBXFileReference section */

/* Begin PBXFrameworksBuildPhase section */
		C4C3F6611FC2C96D00AD65B7 /* Frameworks */ = {
			isa = PBXFrameworksBuildPhase;
			buildActionMask = 2147483647;
			files = (
				3F97DE8F11FD1E30A3B1AFE3 /* Pods_ForkMan.framework in Frameworks */,
			);
			runOnlyForDeploymentPostprocessing = 0;
		};
/* End PBXFrameworksBuildPhase section */

/* Begin PBXGroup section */
		A5CC143B319D4CA7D1369A6D /* Frameworks */ = {
			isa = PBXGroup;
			children = (
				D15D3941BC54D0650295A819 /* Pods_ForkMan.framework */,
			);
			name = Frameworks;
			sourceTree = "<group>";
		};
		C4C3F65B1FC2C96C00AD65B7 = {
			isa = PBXGroup;
			children = (
				C4C3F6661FC2C96D00AD65B7 /* ForkMan */,
				C4C3F6651FC2C96D00AD65B7 /* Products */,
				CFD4D5D4AE3C3825AA52555B /* Pods */,
				A5CC143B319D4CA7D1369A6D /* Frameworks */,
			);
			sourceTree = "<group>";
		};
		C4C3F6651FC2C96D00AD65B7 /* Products */ = {
			isa = PBXGroup;
			children = (
				C4C3F6641FC2C96D00AD65B7 /* ForkMan.app */,
			);
			name = Products;
			sourceTree = "<group>";
		};
		C4C3F6661FC2C96D00AD65B7 /* ForkMan */ = {
			isa = PBXGroup;
			children = (
				C4C3F6671FC2C96D00AD65B7 /* AppDelegate.swift */,
				C4C3F6791FC2CA3D00AD65B7 /* FMRootViewController.swift */,
				C40ADDF61FC3BBEA00983D9F /* FMSnapKitViewController.swift */,
				C4C3F6821FC2F3C300AD65B7 /* TransData */,
				C4C3F66E1FC2C96D00AD65B7 /* Assets.xcassets */,
				C4C3F6701FC2C96D00AD65B7 /* LaunchScreen.storyboard */,
				C4C3F6731FC2C96D00AD65B7 /* Info.plist */,
			);
			path = ForkMan;
			sourceTree = "<group>";
		};
		C4C3F6821FC2F3C300AD65B7 /* TransData */ = {
			isa = PBXGroup;
			children = (
				C4C3F67B1FC2D5B800AD65B7 /* FMFirstStateViewController.swift */,
				C4C3F67D1FC2DBEE00AD65B7 /* FMDelegateViewController.swift */,
				C4C3F67F1FC2F19E00AD65B7 /* FMPostNotificationViewController.swift */,
			);
			path = TransData;
			sourceTree = "<group>";
		};
		CFD4D5D4AE3C3825AA52555B /* Pods */ = {
			isa = PBXGroup;
			children = (
				AE89E587CB16FF497CBE89DA /* Pods-ForkMan.debug.xcconfig */,
				BDC5AE98E89BD44CCC0C5253 /* Pods-ForkMan.release.xcconfig */,
			);
			name = Pods;
			sourceTree = "<group>";
		};
/* End PBXGroup section */

/* Begin PBXNativeTarget section */
		C4C3F6631FC2C96D00AD65B7 /* ForkMan */ = {
			isa = PBXNativeTarget;
			buildConfigurationList = C4C3F6761FC2C96D00AD65B7 /* Build configuration list for PBXNativeTarget "ForkMan" */;
			buildPhases = (
				ECEE1D4BFBB25258441CFAFE /* [CP] Check Pods Manifest.lock */,
				C4C3F6601FC2C96D00AD65B7 /* Sources */,
				C4C3F6611FC2C96D00AD65B7 /* Frameworks */,
				C4C3F6621FC2C96D00AD65B7 /* Resources */,
				C1C04179F2DF5864B068834C /* [CP] Embed Pods Frameworks */,
				0AF2FBE9C4514F219A5227B7 /* [CP] Copy Pods Resources */,
			);
			buildRules = (
			);
			dependencies = (
			);
			name = ForkMan;
			productName = ForkMan;
			productReference = C4C3F6641FC2C96D00AD65B7 /* ForkMan.app */;
			productType = "com.apple.product-type.application";
		};
/* End PBXNativeTarget section */

/* Begin PBXProject section */
		C4C3F65C1FC2C96C00AD65B7 /* Project object */ = {
			isa = PBXProject;
			attributes = {
				CLASSPREFIX = FM;
				LastSwiftUpdateCheck = 0900;
				LastUpgradeCheck = 0900;
				ORGANIZATIONNAME = EGMade;
				TargetAttributes = {
					C4C3F6631FC2C96D00AD65B7 = {
						CreatedOnToolsVersion = 9.0.1;
						ProvisioningStyle = Automatic;
					};
				};
			};
			buildConfigurationList = C4C3F65F1FC2C96C00AD65B7 /* Build configuration list for PBXProject "ForkMan" */;
			compatibilityVersion = "Xcode 8.0";
			developmentRegion = en;
			hasScannedForEncodings = 0;
			knownRegions = (
				en,
				Base,
			);
			mainGroup = C4C3F65B1FC2C96C00AD65B7;
			productRefGroup = C4C3F6651FC2C96D00AD65B7 /* Products */;
			projectDirPath = "";
			projectRoot = "";
			targets = (
				C4C3F6631FC2C96D00AD65B7 /* ForkMan */,
			);
		};
/* End PBXProject section */

/* Begin PBXResourcesBuildPhase section */
		C4C3F6621FC2C96D00AD65B7 /* Resources */ = {
			isa = PBXResourcesBuildPhase;
			buildActionMask = 2147483647;
			files = (
				C4C3F6721FC2C96D00AD65B7 /* LaunchScreen.storyboard in Resources */,
				C4C3F66F1FC2C96D00AD65B7 /* Assets.xcassets in Resources */,
			);
			runOnlyForDeploymentPostprocessing = 0;
		};
/* End PBXResourcesBuildPhase section */

/* Begin PBXShellScriptBuildPhase section */
		0AF2FBE9C4514F219A5227B7 /* [CP] Copy Pods Resources */ = {
			isa = PBXShellScriptBuildPhase;
			buildActionMask = 2147483647;
			files = (
			);
			inputPaths = (
			);
			name = "[CP] Copy Pods Resources";
			outputPaths = (
			);
			runOnlyForDeploymentPostprocessing = 0;
			shellPath = /bin/sh;
			shellScript = "\"${SRCROOT}/Pods/Target Support Files/Pods-ForkMan/Pods-ForkMan-resources.sh\"\n";
			showEnvVarsInLog = 0;
		};
		C1C04179F2DF5864B068834C /* [CP] Embed Pods Frameworks */ = {
			isa = PBXShellScriptBuildPhase;
			buildActionMask = 2147483647;
			files = (
			);
			inputPaths = (
				"${SRCROOT}/Pods/Target Support Files/Pods-ForkMan/Pods-ForkMan-frameworks.sh",
				"${BUILT_PRODUCTS_DIR}/SnapKit/SnapKit.framework",
			);
			name = "[CP] Embed Pods Frameworks";
			outputPaths = (
				"${TARGET_BUILD_DIR}/${FRAMEWORKS_FOLDER_PATH}/SnapKit.framework",
			);
			runOnlyForDeploymentPostprocessing = 0;
			shellPath = /bin/sh;
			shellScript = "\"${SRCROOT}/Pods/Target Support Files/Pods-ForkMan/Pods-ForkMan-frameworks.sh\"\n";
			showEnvVarsInLog = 0;
		};
		ECEE1D4BFBB25258441CFAFE /* [CP] Check Pods Manifest.lock */ = {
			isa = PBXShellScriptBuildPhase;
			buildActionMask = 2147483647;
			files = (
			);
			inputPaths = (
				"${PODS_PODFILE_DIR_PATH}/Podfile.lock",
				"${PODS_ROOT}/Manifest.lock",
			);
			name = "[CP] Check Pods Manifest.lock";
			outputPaths = (
				"$(DERIVED_FILE_DIR)/Pods-ForkMan-checkManifestLockResult.txt",
			);
			runOnlyForDeploymentPostprocessing = 0;
			shellPath = /bin/sh;
			shellScript = "diff \"${PODS_PODFILE_DIR_PATH}/Podfile.lock\" \"${PODS_ROOT}/Manifest.lock\" > /dev/null\nif [ $? != 0 ] ; then\n    # print error to STDERR\n    echo \"error: The sandbox is not in sync with the Podfile.lock. Run 'pod install' or update your CocoaPods installation.\" >&2\n    exit 1\nfi\n# This output is used by Xcode 'outputs' to avoid re-running this script phase.\necho \"SUCCESS\" > \"${SCRIPT_OUTPUT_FILE_0}\"\n";
			showEnvVarsInLog = 0;
		};
/* End PBXShellScriptBuildPhase section */

/* Begin PBXSourcesBuildPhase section */
		C4C3F6601FC2C96D00AD65B7 /* Sources */ = {
			isa = PBXSourcesBuildPhase;
			buildActionMask = 2147483647;
			files = (
				C4C3F67A1FC2CA3D00AD65B7 /* FMRootViewController.swift in Sources */,
				C4C3F6681FC2C96D00AD65B7 /* AppDelegate.swift in Sources */,
				C40ADDF71FC3BBEA00983D9F /* FMSnapKitViewController.swift in Sources */,
				C4C3F67E1FC2DBEE00AD65B7 /* FMDelegateViewController.swift in Sources */,
				C4C3F6801FC2F19E00AD65B7 /* FMPostNotificationViewController.swift in Sources */,
				C4C3F67C1FC2D5B800AD65B7 /* FMFirstStateViewController.swift in Sources */,
			);
			runOnlyForDeploymentPostprocessing = 0;
		};
/* End PBXSourcesBuildPhase section */

/* Begin PBXVariantGroup section */
		C4C3F6701FC2C96D00AD65B7 /* LaunchScreen.storyboard */ = {
			isa = PBXVariantGroup;
			children = (
				C4C3F6711FC2C96D00AD65B7 /* Base */,
			);
			name = LaunchScreen.storyboard;
			sourceTree = "<group>";
		};
/* End PBXVariantGroup section */

/* Begin XCBuildConfiguration section */
		C4C3F6741FC2C96D00AD65B7 /* Debug */ = {
			isa = XCBuildConfiguration;
			buildSettings = {
				ALWAYS_SEARCH_USER_PATHS = NO;
				CLANG_ANALYZER_NONNULL = YES;
				CLANG_ANALYZER_NUMBER_OBJECT_CONVERSION = YES_AGGRESSIVE;
				CLANG_CXX_LANGUAGE_STANDARD = "gnu++14";
				CLANG_CXX_LIBRARY = "libc++";
				CLANG_ENABLE_MODULES = YES;
				CLANG_ENABLE_OBJC_ARC = YES;
				CLANG_WARN_BLOCK_CAPTURE_AUTORELEASING = YES;
				CLANG_WARN_BOOL_CONVERSION = YES;
				CLANG_WARN_COMMA = YES;
				CLANG_WARN_CONSTANT_CONVERSION = YES;
				CLANG_WARN_DIRECT_OBJC_ISA_USAGE = YES_ERROR;
				CLANG_WARN_DOCUMENTATION_COMMENTS = YES;
				CLANG_WARN_EMPTY_BODY = YES;
				CLANG_WARN_ENUM_CONVERSION = YES;
				CLANG_WARN_INFINITE_RECURSION = YES;
				CLANG_WARN_INT_CONVERSION = YES;
				CLANG_WARN_NON_LITERAL_NULL_CONVERSION = YES;
				CLANG_WARN_OBJC_LITERAL_CONVERSION = YES;
				CLANG_WARN_OBJC_ROOT_CLASS = YES_ERROR;
				CLANG_WARN_RANGE_LOOP_ANALYSIS = YES;
				CLANG_WARN_STRICT_PROTOTYPES = YES;
				CLANG_WARN_SUSPICIOUS_MOVE = YES;
				CLANG_WARN_UNGUARDED_AVAILABILITY = YES_AGGRESSIVE;
				CLANG_WARN_UNREACHABLE_CODE = YES;
				CLANG_WARN__DUPLICATE_METHOD_MATCH = YES;
				CODE_SIGN_IDENTITY = "iPhone Developer";
				COPY_PHASE_STRIP = NO;
				DEBUG_INFORMATION_FORMAT = dwarf;
				ENABLE_STRICT_OBJC_MSGSEND = YES;
				ENABLE_TESTABILITY = YES;
				GCC_C_LANGUAGE_STANDARD = gnu11;
				GCC_DYNAMIC_NO_PIC = NO;
				GCC_NO_COMMON_BLOCKS = YES;
				GCC_OPTIMIZATION_LEVEL = 0;
				GCC_PREPROCESSOR_DEFINITIONS = (
					"DEBUG=1",
					"$(inherited)",
				);
				GCC_WARN_64_TO_32_BIT_CONVERSION = YES;
				GCC_WARN_ABOUT_RETURN_TYPE = YES_ERROR;
				GCC_WARN_UNDECLARED_SELECTOR = YES;
				GCC_WARN_UNINITIALIZED_AUTOS = YES_AGGRESSIVE;
				GCC_WARN_UNUSED_FUNCTION = YES;
				GCC_WARN_UNUSED_VARIABLE = YES;
				IPHONEOS_DEPLOYMENT_TARGET = 11.0;
				MTL_ENABLE_DEBUG_INFO = YES;
				ONLY_ACTIVE_ARCH = YES;
				SDKROOT = iphoneos;
				SWIFT_ACTIVE_COMPILATION_CONDITIONS = DEBUG;
				SWIFT_OPTIMIZATION_LEVEL = "-Onone";
			};
			name = Debug;
		};
		C4C3F6751FC2C96D00AD65B7 /* Release */ = {
			isa = XCBuildConfiguration;
			buildSettings = {
				ALWAYS_SEARCH_USER_PATHS = NO;
				CLANG_ANALYZER_NONNULL = YES;
				CLANG_ANALYZER_NUMBER_OBJECT_CONVERSION = YES_AGGRESSIVE;
				CLANG_CXX_LANGUAGE_STANDARD = "gnu++14";
				CLANG_CXX_LIBRARY = "libc++";
				CLANG_ENABLE_MODULES = YES;
				CLANG_ENABLE_OBJC_ARC = YES;
				CLANG_WARN_BLOCK_CAPTURE_AUTORELEASING = YES;
				CLANG_WARN_BOOL_CONVERSION = YES;
				CLANG_WARN_COMMA = YES;
				CLANG_WARN_CONSTANT_CONVERSION = YES;
				CLANG_WARN_DIRECT_OBJC_ISA_USAGE = YES_ERROR;
				CLANG_WARN_DOCUMENTATION_COMMENTS = YES;
				CLANG_WARN_EMPTY_BODY = YES;
				CLANG_WARN_ENUM_CONVERSION = YES;
				CLANG_WARN_INFINITE_RECURSION = YES;
				CLANG_WARN_INT_CONVERSION = YES;
				CLANG_WARN_NON_LITERAL_NULL_CONVERSION = YES;
				CLANG_WARN_OBJC_LITERAL_CONVERSION = YES;
				CLANG_WARN_OBJC_ROOT_CLASS = YES_ERROR;
				CLANG_WARN_RANGE_LOOP_ANALYSIS = YES;
				CLANG_WARN_STRICT_PROTOTYPES = YES;
				CLANG_WARN_SUSPICIOUS_MOVE = YES;
				CLANG_WARN_UNGUARDED_AVAILABILITY = YES_AGGRESSIVE;
				CLANG_WARN_UNREACHABLE_CODE = YES;
				CLANG_WARN__DUPLICATE_METHOD_MATCH = YES;
				CODE_SIGN_IDENTITY = "iPhone Developer";
				COPY_PHASE_STRIP = NO;
				DEBUG_INFORMATION_FORMAT = "dwarf-with-dsym";
				ENABLE_NS_ASSERTIONS = NO;
				ENABLE_STRICT_OBJC_MSGSEND = YES;
				GCC_C_LANGUAGE_STANDARD = gnu11;
				GCC_NO_COMMON_BLOCKS = YES;
				GCC_WARN_64_TO_32_BIT_CONVERSION = YES;
				GCC_WARN_ABOUT_RETURN_TYPE = YES_ERROR;
				GCC_WARN_UNDECLARED_SELECTOR = YES;
				GCC_WARN_UNINITIALIZED_AUTOS = YES_AGGRESSIVE;
				GCC_WARN_UNUSED_FUNCTION = YES;
				GCC_WARN_UNUSED_VARIABLE = YES;
				IPHONEOS_DEPLOYMENT_TARGET = 11.0;
				MTL_ENABLE_DEBUG_INFO = NO;
				SDKROOT = iphoneos;
				SWIFT_OPTIMIZATION_LEVEL = "-Owholemodule";
				VALIDATE_PRODUCT = YES;
			};
			name = Release;
		};
		C4C3F6771FC2C96D00AD65B7 /* Debug */ = {
			isa = XCBuildConfiguration;
			baseConfigurationReference = AE89E587CB16FF497CBE89DA /* Pods-ForkMan.debug.xcconfig */;
			buildSettings = {
				ASSETCATALOG_COMPILER_APPICON_NAME = AppIcon;
				CODE_SIGN_STYLE = Automatic;
				DEVELOPMENT_TEAM = NXUQZ8YP3C;
				INFOPLIST_FILE = ForkMan/Info.plist;
				IPHONEOS_DEPLOYMENT_TARGET = 10.0;
				LD_RUNPATH_SEARCH_PATHS = "$(inherited) @executable_path/Frameworks";
				PRODUCT_BUNDLE_IDENTIFIER = com.evilGoose.ForkMan;
				PRODUCT_NAME = "$(TARGET_NAME)";
				SWIFT_VERSION = 4.0;
				TARGETED_DEVICE_FAMILY = "1,2";
			};
			name = Debug;
		};
		C4C3F6781FC2C96D00AD65B7 /* Release */ = {
			isa = XCBuildConfiguration;
			baseConfigurationReference = BDC5AE98E89BD44CCC0C5253 /* Pods-ForkMan.release.xcconfig */;
			buildSettings = {
				ASSETCATALOG_COMPILER_APPICON_NAME = AppIcon;
				CODE_SIGN_STYLE = Automatic;
				DEVELOPMENT_TEAM = NXUQZ8YP3C;
				INFOPLIST_FILE = ForkMan/Info.plist;
				IPHONEOS_DEPLOYMENT_TARGET = 10.0;
				LD_RUNPATH_SEARCH_PATHS = "$(inherited) @executable_path/Frameworks";
				PRODUCT_BUNDLE_IDENTIFIER = com.evilGoose.ForkMan;
				PRODUCT_NAME = "$(TARGET_NAME)";
				SWIFT_VERSION = 4.0;
				TARGETED_DEVICE_FAMILY = "1,2";
			};
			name = Release;
		};
/* End XCBuildConfiguration section */

/* Begin XCConfigurationList section */
		C4C3F65F1FC2C96C00AD65B7 /* Build configuration list for PBXProject "ForkMan" */ = {
			isa = XCConfigurationList;
			buildConfigurations = (
				C4C3F6741FC2C96D00AD65B7 /* Debug */,
				C4C3F6751FC2C96D00AD65B7 /* Release */,
			);
			defaultConfigurationIsVisible = 0;
			defaultConfigurationName = Release;
		};
		C4C3F6761FC2C96D00AD65B7 /* Build configuration list for PBXNativeTarget "ForkMan" */ = {
			isa = XCConfigurationList;
			buildConfigurations = (
				C4C3F6771FC2C96D00AD65B7 /* Debug */,
				C4C3F6781FC2C96D00AD65B7 /* Release */,
			);
			defaultConfigurationIsVisible = 0;
			defaultConfigurationName = Release;
		};
/* End XCConfigurationList section */
	};
	rootObject = C4C3F65C1FC2C96C00AD65B7 /* Project object */;
}
