// !$*UTF8*$!
{
	archiveVersion = 1;
	classes = {
	};
	objectVersion = 48;
	objects = {

/* Begin PBXBuildFile section */
		6F58693D1FCFFC1000069C90 /* EGRootViewController.swift in Sources */ = {isa = PBXBuildFile; fileRef = 6F58693C1FCFFC1000069C90 /* EGRootViewController.swift */; };
		6F5869411FCFFF4900069C90 /* EGStopWatchViewController.swift in Sources */ = {isa = PBXBuildFile; fileRef = 6F5869401FCFFF4900069C90 /* EGStopWatchViewController.swift */; };
		91349B1121426D2D007E3869 /* EGTabBarController.swift in Sources */ = {isa = PBXBuildFile; fileRef = 91349B1021426D2D007E3869 /* EGTabBarController.swift */; };
		91349B1321426E6C007E3869 /* EGNavigationController.swift in Sources */ = {isa = PBXBuildFile; fileRef = 91349B1221426E6C007E3869 /* EGNavigationController.swift */; };
		91349B1621426F90007E3869 /* EGBasicViewController.swift in Sources */ = {isa = PBXBuildFile; fileRef = 91349B1521426F90007E3869 /* EGBasicViewController.swift */; };
		91349B1A21426FC1007E3869 /* EGSecondViewController.swift in Sources */ = {isa = PBXBuildFile; fileRef = 91349B1921426FC1007E3869 /* EGSecondViewController.swift */; };
		91349B1C21426FC8007E3869 /* EGThirdViewController.swift in Sources */ = {isa = PBXBuildFile; fileRef = 91349B1B21426FC8007E3869 /* EGThirdViewController.swift */; };
		91349B1E21426FD4007E3869 /* EGFirstViewController.swift in Sources */ = {isa = PBXBuildFile; fileRef = 91349B1D21426FD4007E3869 /* EGFirstViewController.swift */; };
		91820A482143A52300EB94E8 /* EGLabel.swift in Sources */ = {isa = PBXBuildFile; fileRef = 91820A472143A52300EB94E8 /* EGLabel.swift */; };
		91820A4D2143AA0700EB94E8 /* EGFreshManTableViewCell.swift in Sources */ = {isa = PBXBuildFile; fileRef = 91820A4B2143AA0700EB94E8 /* EGFreshManTableViewCell.swift */; };
		91820A4E2143AA0700EB94E8 /* EGFreshManTableViewCell.xib in Resources */ = {isa = PBXBuildFile; fileRef = 91820A4C2143AA0700EB94E8 /* EGFreshManTableViewCell.xib */; };
		91820A522143BD5400EB94E8 /* EGBannerTableViewCell.swift in Sources */ = {isa = PBXBuildFile; fileRef = 91820A512143BD5400EB94E8 /* EGBannerTableViewCell.swift */; };
		91820A572143C4A600EB94E8 /* Banner_1.png in Resources */ = {isa = PBXBuildFile; fileRef = 91820A532143C4A600EB94E8 /* Banner_1.png */; };
		91820A582143C4A600EB94E8 /* Banner_4.png in Resources */ = {isa = PBXBuildFile; fileRef = 91820A542143C4A600EB94E8 /* Banner_4.png */; };
		91820A592143C4A600EB94E8 /* Banner_2.png in Resources */ = {isa = PBXBuildFile; fileRef = 91820A552143C4A600EB94E8 /* Banner_2.png */; };
		91820A5A2143C4A600EB94E8 /* Banner_3.png in Resources */ = {isa = PBXBuildFile; fileRef = 91820A562143C4A600EB94E8 /* Banner_3.png */; };
		C4F009971FCD15BB00A23068 /* AppDelegate.swift in Sources */ = {isa = PBXBuildFile; fileRef = C4F009961FCD15BB00A23068 /* AppDelegate.swift */; };
		C4F0099E1FCD15BB00A23068 /* Assets.xcassets in Resources */ = {isa = PBXBuildFile; fileRef = C4F0099D1FCD15BB00A23068 /* Assets.xcassets */; };
		C4F009A11FCD15BB00A23068 /* LaunchScreen.storyboard in Resources */ = {isa = PBXBuildFile; fileRef = C4F0099F1FCD15BB00A23068 /* LaunchScreen.storyboard */; };
		D081B821DBE5222A6AD3B836 /* Pods_SwiftAdvanceDemos.framework in Frameworks */ = {isa = PBXBuildFile; fileRef = 58544D97D0BEC436AC8C24CE /* Pods_SwiftAdvanceDemos.framework */; };
/* End PBXBuildFile section */

/* Begin PBXFileReference section */
		58544D97D0BEC436AC8C24CE /* Pods_SwiftAdvanceDemos.framework */ = {isa = PBXFileReference; explicitFileType = wrapper.framework; includeInIndex = 0; path = Pods_SwiftAdvanceDemos.framework; sourceTree = BUILT_PRODUCTS_DIR; };
		6F58693C1FCFFC1000069C90 /* EGRootViewController.swift */ = {isa = PBXFileReference; lastKnownFileType = sourcecode.swift; path = EGRootViewController.swift; sourceTree = "<group>"; };
		6F5869401FCFFF4900069C90 /* EGStopWatchViewController.swift */ = {isa = PBXFileReference; lastKnownFileType = sourcecode.swift; path = EGStopWatchViewController.swift; sourceTree = "<group>"; };
		91349B1021426D2D007E3869 /* EGTabBarController.swift */ = {isa = PBXFileReference; lastKnownFileType = sourcecode.swift; path = EGTabBarController.swift; sourceTree = "<group>"; };
		91349B1221426E6C007E3869 /* EGNavigationController.swift */ = {isa = PBXFileReference; lastKnownFileType = sourcecode.swift; path = EGNavigationController.swift; sourceTree = "<group>"; };
		91349B1521426F90007E3869 /* EGBasicViewController.swift */ = {isa = PBXFileReference; fileEncoding = 4; lastKnownFileType = sourcecode.swift; path = EGBasicViewController.swift; sourceTree = "<group>"; };
		91349B1921426FC1007E3869 /* EGSecondViewController.swift */ = {isa = PBXFileReference; lastKnownFileType = sourcecode.swift; path = EGSecondViewController.swift; sourceTree = "<group>"; };
		91349B1B21426FC8007E3869 /* EGThirdViewController.swift */ = {isa = PBXFileReference; lastKnownFileType = sourcecode.swift; path = EGThirdViewController.swift; sourceTree = "<group>"; };
		91349B1D21426FD4007E3869 /* EGFirstViewController.swift */ = {isa = PBXFileReference; lastKnownFileType = sourcecode.swift; path = EGFirstViewController.swift; sourceTree = "<group>"; };
		91820A3F214377E600EB94E8 /* SnapKit.framework */ = {isa = PBXFileReference; explicitFileType = wrapper.framework; path = SnapKit.framework; sourceTree = BUILT_PRODUCTS_DIR; };
		91820A422143791200EB94E8 /* SnapKit.framework */ = {isa = PBXFileReference; explicitFileType = wrapper.framework; path = SnapKit.framework; sourceTree = BUILT_PRODUCTS_DIR; };
		91820A472143A52300EB94E8 /* EGLabel.swift */ = {isa = PBXFileReference; lastKnownFileType = sourcecode.swift; path = EGLabel.swift; sourceTree = "<group>"; };
		91820A4B2143AA0700EB94E8 /* EGFreshManTableViewCell.swift */ = {isa = PBXFileReference; lastKnownFileType = sourcecode.swift; path = EGFreshManTableViewCell.swift; sourceTree = "<group>"; };
		91820A4C2143AA0700EB94E8 /* EGFreshManTableViewCell.xib */ = {isa = PBXFileReference; lastKnownFileType = file.xib; path = EGFreshManTableViewCell.xib; sourceTree = "<group>"; };
		91820A512143BD5400EB94E8 /* EGBannerTableViewCell.swift */ = {isa = PBXFileReference; lastKnownFileType = sourcecode.swift; path = EGBannerTableViewCell.swift; sourceTree = "<group>"; };
		91820A532143C4A600EB94E8 /* Banner_1.png */ = {isa = PBXFileReference; lastKnownFileType = image.png; path = Banner_1.png; sourceTree = "<group>"; };
		91820A542143C4A600EB94E8 /* Banner_4.png */ = {isa = PBXFileReference; lastKnownFileType = image.png; path = Banner_4.png; sourceTree = "<group>"; };
		91820A552143C4A600EB94E8 /* Banner_2.png */ = {isa = PBXFileReference; lastKnownFileType = image.png; path = Banner_2.png; sourceTree = "<group>"; };
		91820A562143C4A600EB94E8 /* Banner_3.png */ = {isa = PBXFileReference; lastKnownFileType = image.png; path = Banner_3.png; sourceTree = "<group>"; };
		A4295BE8D70C1BB4C3943E0D /* Pods-SwiftAdvanceDemos.release.xcconfig */ = {isa = PBXFileReference; includeInIndex = 1; lastKnownFileType = text.xcconfig; name = "Pods-SwiftAdvanceDemos.release.xcconfig"; path = "Pods/Target Support Files/Pods-SwiftAdvanceDemos/Pods-SwiftAdvanceDemos.release.xcconfig"; sourceTree = "<group>"; };
		BD44F10D9BFB446C0F2A46E8 /* Pods-TabBar.debug.xcconfig */ = {isa = PBXFileReference; includeInIndex = 1; lastKnownFileType = text.xcconfig; name = "Pods-TabBar.debug.xcconfig"; path = "Pods/Target Support Files/Pods-TabBar/Pods-TabBar.debug.xcconfig"; sourceTree = "<group>"; };
		C4F009931FCD15BB00A23068 /* SwiftAdvanceDemos.app */ = {isa = PBXFileReference; explicitFileType = wrapper.application; includeInIndex = 0; path = SwiftAdvanceDemos.app; sourceTree = BUILT_PRODUCTS_DIR; };
		C4F009961FCD15BB00A23068 /* AppDelegate.swift */ = {isa = PBXFileReference; lastKnownFileType = sourcecode.swift; path = AppDelegate.swift; sourceTree = "<group>"; };
		C4F0099D1FCD15BB00A23068 /* Assets.xcassets */ = {isa = PBXFileReference; lastKnownFileType = folder.assetcatalog; path = Assets.xcassets; sourceTree = "<group>"; };
		C4F009A01FCD15BB00A23068 /* Base */ = {isa = PBXFileReference; lastKnownFileType = file.storyboard; name = Base; path = Base.lproj/LaunchScreen.storyboard; sourceTree = "<group>"; };
		C4F009A21FCD15BB00A23068 /* Info.plist */ = {isa = PBXFileReference; lastKnownFileType = text.plist.xml; path = Info.plist; sourceTree = "<group>"; };
		CC38C441F499E58F8EEB4311 /* Pods-SwiftAdvanceDemos.debug.xcconfig */ = {isa = PBXFileReference; includeInIndex = 1; lastKnownFileType = text.xcconfig; name = "Pods-SwiftAdvanceDemos.debug.xcconfig"; path = "Pods/Target Support Files/Pods-SwiftAdvanceDemos/Pods-SwiftAdvanceDemos.debug.xcconfig"; sourceTree = "<group>"; };
		CDD6C835FF9A8014AFF866C3 /* Pods-TabBar.release.xcconfig */ = {isa = PBXFileReference; includeInIndex = 1; lastKnownFileType = text.xcconfig; name = "Pods-TabBar.release.xcconfig"; path = "Pods/Target Support Files/Pods-TabBar/Pods-TabBar.release.xcconfig"; sourceTree = "<group>"; };
		F2E4EE13B19296875B9BE0BA /* Pods_TabBar.framework */ = {isa = PBXFileReference; explicitFileType = wrapper.framework; includeInIndex = 0; path = Pods_TabBar.framework; sourceTree = BUILT_PRODUCTS_DIR; };
/* End PBXFileReference section */

/* Begin PBXFrameworksBuildPhase section */
		C4F009901FCD15BB00A23068 /* Frameworks */ = {
			isa = PBXFrameworksBuildPhase;
			buildActionMask = 2147483647;
			files = (
				D081B821DBE5222A6AD3B836 /* Pods_SwiftAdvanceDemos.framework in Frameworks */,
			);
			runOnlyForDeploymentPostprocessing = 0;
		};
/* End PBXFrameworksBuildPhase section */

/* Begin PBXGroup section */
		6FA9F29C4F9870DAA789D04D /* Pods */ = {
			isa = PBXGroup;
			children = (
				CC38C441F499E58F8EEB4311 /* Pods-SwiftAdvanceDemos.debug.xcconfig */,
				A4295BE8D70C1BB4C3943E0D /* Pods-SwiftAdvanceDemos.release.xcconfig */,
				BD44F10D9BFB446C0F2A46E8 /* Pods-TabBar.debug.xcconfig */,
				CDD6C835FF9A8014AFF866C3 /* Pods-TabBar.release.xcconfig */,
			);
			name = Pods;
			sourceTree = "<group>";
		};
		74CC2D4D900ACE363C96F553 /* Frameworks */ = {
			isa = PBXGroup;
			children = (
				91820A422143791200EB94E8 /* SnapKit.framework */,
				91820A3F214377E600EB94E8 /* SnapKit.framework */,
				58544D97D0BEC436AC8C24CE /* Pods_SwiftAdvanceDemos.framework */,
				F2E4EE13B19296875B9BE0BA /* Pods_TabBar.framework */,
			);
			name = Frameworks;
			sourceTree = "<group>";
		};
		91349B1421426F74007E3869 /* BasicController */ = {
			isa = PBXGroup;
			children = (
				91349B1021426D2D007E3869 /* EGTabBarController.swift */,
				91349B1521426F90007E3869 /* EGBasicViewController.swift */,
				91349B1221426E6C007E3869 /* EGNavigationController.swift */,
			);
			path = BasicController;
			sourceTree = "<group>";
		};
		91349B1F2142758C007E3869 /* Functions */ = {
			isa = PBXGroup;
			children = (
				6F58693C1FCFFC1000069C90 /* EGRootViewController.swift */,
				6F5869401FCFFF4900069C90 /* EGStopWatchViewController.swift */,
			);
			path = Functions;
			sourceTree = "<group>";
		};
		91820A492143A52A00EB94E8 /* Common */ = {
			isa = PBXGroup;
			children = (
				91820A472143A52300EB94E8 /* EGLabel.swift */,
			);
			path = Common;
			sourceTree = "<group>";
		};
		91820A4A2143A9CC00EB94E8 /* CustomCell */ = {
			isa = PBXGroup;
			children = (
				91349B1921426FC1007E3869 /* EGSecondViewController.swift */,
				91820A512143BD5400EB94E8 /* EGBannerTableViewCell.swift */,
				91820A4B2143AA0700EB94E8 /* EGFreshManTableViewCell.swift */,
				91820A4C2143AA0700EB94E8 /* EGFreshManTableViewCell.xib */,
			);
			path = CustomCell;
			sourceTree = "<group>";
		};
		91820A5B2143C4B000EB94E8 /* Source */ = {
			isa = PBXGroup;
			children = (
				91820A532143C4A600EB94E8 /* Banner_1.png */,
				91820A552143C4A600EB94E8 /* Banner_2.png */,
				91820A562143C4A600EB94E8 /* Banner_3.png */,
				91820A542143C4A600EB94E8 /* Banner_4.png */,
			);
			path = Source;
			sourceTree = "<group>";
		};
		C4F0098A1FCD15BB00A23068 = {
			isa = PBXGroup;
			children = (
				C4F009951FCD15BB00A23068 /* SwiftAdvanceDemos */,
				C4F009941FCD15BB00A23068 /* Products */,
				6FA9F29C4F9870DAA789D04D /* Pods */,
				74CC2D4D900ACE363C96F553 /* Frameworks */,
			);
			sourceTree = "<group>";
		};
		C4F009941FCD15BB00A23068 /* Products */ = {
			isa = PBXGroup;
			children = (
				C4F009931FCD15BB00A23068 /* SwiftAdvanceDemos.app */,
			);
			name = Products;
			sourceTree = "<group>";
		};
		C4F009951FCD15BB00A23068 /* SwiftAdvanceDemos */ = {
			isa = PBXGroup;
			children = (
				C4F009961FCD15BB00A23068 /* AppDelegate.swift */,
				91820A492143A52A00EB94E8 /* Common */,
				91349B1421426F74007E3869 /* BasicController */,
				91349B1F2142758C007E3869 /* Functions */,
				91349B1D21426FD4007E3869 /* EGFirstViewController.swift */,
				91820A4A2143A9CC00EB94E8 /* CustomCell */,
				91349B1B21426FC8007E3869 /* EGThirdViewController.swift */,
				C4F0099D1FCD15BB00A23068 /* Assets.xcassets */,
				C4F0099F1FCD15BB00A23068 /* LaunchScreen.storyboard */,
				C4F009A21FCD15BB00A23068 /* Info.plist */,
				91820A5B2143C4B000EB94E8 /* Source */,
			);
			path = SwiftAdvanceDemos;
			sourceTree = "<group>";
		};
/* End PBXGroup section */

/* Begin PBXNativeTarget section */
		C4F009921FCD15BB00A23068 /* SwiftAdvanceDemos */ = {
			isa = PBXNativeTarget;
			buildConfigurationList = C4F009A51FCD15BB00A23068 /* Build configuration list for PBXNativeTarget "SwiftAdvanceDemos" */;
			buildPhases = (
				22B908DB40DF97514D034F11 /* [CP] Check Pods Manifest.lock */,
				C4F0098F1FCD15BB00A23068 /* Sources */,
				C4F009901FCD15BB00A23068 /* Frameworks */,
				C4F009911FCD15BB00A23068 /* Resources */,
				4D7BC0CACD5E98ED9608A92C /* [CP] Embed Pods Frameworks */,
			);
			buildRules = (
			);
			dependencies = (
			);
			name = SwiftAdvanceDemos;
			productName = SwiftAdvanceDemos;
			productReference = C4F009931FCD15BB00A23068 /* SwiftAdvanceDemos.app */;
			productType = "com.apple.product-type.application";
		};
/* End PBXNativeTarget section */

/* Begin PBXProject section */
		C4F0098B1FCD15BB00A23068 /* Project object */ = {
			isa = PBXProject;
			attributes = {
				CLASSPREFIX = EG;
				LastSwiftUpdateCheck = 0910;
				LastUpgradeCheck = 0940;
				ORGANIZATIONNAME = EGMade;
				TargetAttributes = {
					C4F009921FCD15BB00A23068 = {
						CreatedOnToolsVersion = 9.0.1;
						ProvisioningStyle = Automatic;
					};
				};
			};
			buildConfigurationList = C4F0098E1FCD15BB00A23068 /* Build configuration list for PBXProject "SwiftAdvanceDemos" */;
			compatibilityVersion = "Xcode 8.0";
			developmentRegion = en;
			hasScannedForEncodings = 0;
			knownRegions = (
				en,
				Base,
			);
			mainGroup = C4F0098A1FCD15BB00A23068;
			productRefGroup = C4F009941FCD15BB00A23068 /* Products */;
			projectDirPath = "";
			projectRoot = "";
			targets = (
				C4F009921FCD15BB00A23068 /* SwiftAdvanceDemos */,
			);
		};
/* End PBXProject section */

/* Begin PBXResourcesBuildPhase section */
		C4F009911FCD15BB00A23068 /* Resources */ = {
			isa = PBXResourcesBuildPhase;
			buildActionMask = 2147483647;
			files = (
				91820A592143C4A600EB94E8 /* Banner_2.png in Resources */,
				91820A4E2143AA0700EB94E8 /* EGFreshManTableViewCell.xib in Resources */,
				91820A582143C4A600EB94E8 /* Banner_4.png in Resources */,
				91820A572143C4A600EB94E8 /* Banner_1.png in Resources */,
				C4F009A11FCD15BB00A23068 /* LaunchScreen.storyboard in Resources */,
				91820A5A2143C4A600EB94E8 /* Banner_3.png in Resources */,
				C4F0099E1FCD15BB00A23068 /* Assets.xcassets in Resources */,
			);
			runOnlyForDeploymentPostprocessing = 0;
		};
/* End PBXResourcesBuildPhase section */

/* Begin PBXShellScriptBuildPhase section */
		22B908DB40DF97514D034F11 /* [CP] Check Pods Manifest.lock */ = {
			isa = PBXShellScriptBuildPhase;
			buildActionMask = 2147483647;
			files = (
			);
			inputPaths = (
				"${PODS_PODFILE_DIR_PATH}/Podfile.lock",
				"${PODS_ROOT}/Manifest.lock",
			);
			name = "[CP] Check Pods Manifest.lock";
			outputPaths = (
				"$(DERIVED_FILE_DIR)/Pods-SwiftAdvanceDemos-checkManifestLockResult.txt",
			);
			runOnlyForDeploymentPostprocessing = 0;
			shellPath = /bin/sh;
			shellScript = "diff \"${PODS_PODFILE_DIR_PATH}/Podfile.lock\" \"${PODS_ROOT}/Manifest.lock\" > /dev/null\nif [ $? != 0 ] ; then\n    # print error to STDERR\n    echo \"error: The sandbox is not in sync with the Podfile.lock. Run 'pod install' or update your CocoaPods installation.\" >&2\n    exit 1\nfi\n# This output is used by Xcode 'outputs' to avoid re-running this script phase.\necho \"SUCCESS\" > \"${SCRIPT_OUTPUT_FILE_0}\"\n";
			showEnvVarsInLog = 0;
		};
		4D7BC0CACD5E98ED9608A92C /* [CP] Embed Pods Frameworks */ = {
			isa = PBXShellScriptBuildPhase;
			buildActionMask = 2147483647;
			files = (
			);
			inputPaths = (
				"${SRCROOT}/Pods/Target Support Files/Pods-SwiftAdvanceDemos/Pods-SwiftAdvanceDemos-frameworks.sh",
				"${BUILT_PRODUCTS_DIR}/Alamofire/Alamofire.framework",
				"${BUILT_PRODUCTS_DIR}/SnapKit/SnapKit.framework",
			);
			name = "[CP] Embed Pods Frameworks";
			outputPaths = (
				"${TARGET_BUILD_DIR}/${FRAMEWORKS_FOLDER_PATH}/Alamofire.framework",
				"${TARGET_BUILD_DIR}/${FRAMEWORKS_FOLDER_PATH}/SnapKit.framework",
			);
			runOnlyForDeploymentPostprocessing = 0;
			shellPath = /bin/sh;
			shellScript = "\"${SRCROOT}/Pods/Target Support Files/Pods-SwiftAdvanceDemos/Pods-SwiftAdvanceDemos-frameworks.sh\"\n";
			showEnvVarsInLog = 0;
		};
/* End PBXShellScriptBuildPhase section */

/* Begin PBXSourcesBuildPhase section */
		C4F0098F1FCD15BB00A23068 /* Sources */ = {
			isa = PBXSourcesBuildPhase;
			buildActionMask = 2147483647;
			files = (
				91820A4D2143AA0700EB94E8 /* EGFreshManTableViewCell.swift in Sources */,
				6F58693D1FCFFC1000069C90 /* EGRootViewController.swift in Sources */,
				91349B1E21426FD4007E3869 /* EGFirstViewController.swift in Sources */,
				91820A482143A52300EB94E8 /* EGLabel.swift in Sources */,
				C4F009971FCD15BB00A23068 /* AppDelegate.swift in Sources */,
				6F5869411FCFFF4900069C90 /* EGStopWatchViewController.swift in Sources */,
				91349B1C21426FC8007E3869 /* EGThirdViewController.swift in Sources */,
				91349B1321426E6C007E3869 /* EGNavigationController.swift in Sources */,
				91349B1121426D2D007E3869 /* EGTabBarController.swift in Sources */,
				91349B1A21426FC1007E3869 /* EGSecondViewController.swift in Sources */,
				91349B1621426F90007E3869 /* EGBasicViewController.swift in Sources */,
				91820A522143BD5400EB94E8 /* EGBannerTableViewCell.swift in Sources */,
			);
			runOnlyForDeploymentPostprocessing = 0;
		};
/* End PBXSourcesBuildPhase section */

/* Begin PBXVariantGroup section */
		C4F0099F1FCD15BB00A23068 /* LaunchScreen.storyboard */ = {
			isa = PBXVariantGroup;
			children = (
				C4F009A01FCD15BB00A23068 /* Base */,
			);
			name = LaunchScreen.storyboard;
			sourceTree = "<group>";
		};
/* End PBXVariantGroup section */

/* Begin XCBuildConfiguration section */
		C4F009A31FCD15BB00A23068 /* Debug */ = {
			isa = XCBuildConfiguration;
			buildSettings = {
				ALWAYS_SEARCH_USER_PATHS = NO;
				CLANG_ANALYZER_NONNULL = YES;
				CLANG_ANALYZER_NUMBER_OBJECT_CONVERSION = YES_AGGRESSIVE;
				CLANG_CXX_LANGUAGE_STANDARD = "gnu++14";
				CLANG_CXX_LIBRARY = "libc++";
				CLANG_ENABLE_MODULES = YES;
				CLANG_ENABLE_OBJC_ARC = YES;
				CLANG_WARN_BLOCK_CAPTURE_AUTORELEASING = YES;
				CLANG_WARN_BOOL_CONVERSION = YES;
				CLANG_WARN_COMMA = YES;
				CLANG_WARN_CONSTANT_CONVERSION = YES;
				CLANG_WARN_DEPRECATED_OBJC_IMPLEMENTATIONS = YES;
				CLANG_WARN_DIRECT_OBJC_ISA_USAGE = YES_ERROR;
				CLANG_WARN_DOCUMENTATION_COMMENTS = YES;
				CLANG_WARN_EMPTY_BODY = YES;
				CLANG_WARN_ENUM_CONVERSION = YES;
				CLANG_WARN_INFINITE_RECURSION = YES;
				CLANG_WARN_INT_CONVERSION = YES;
				CLANG_WARN_NON_LITERAL_NULL_CONVERSION = YES;
				CLANG_WARN_OBJC_IMPLICIT_RETAIN_SELF = YES;
				CLANG_WARN_OBJC_LITERAL_CONVERSION = YES;
				CLANG_WARN_OBJC_ROOT_CLASS = YES_ERROR;
				CLANG_WARN_RANGE_LOOP_ANALYSIS = YES;
				CLANG_WARN_STRICT_PROTOTYPES = YES;
				CLANG_WARN_SUSPICIOUS_MOVE = YES;
				CLANG_WARN_UNGUARDED_AVAILABILITY = YES_AGGRESSIVE;
				CLANG_WARN_UNREACHABLE_CODE = YES;
				CLANG_WARN__DUPLICATE_METHOD_MATCH = YES;
				CODE_SIGN_IDENTITY = "iPhone Developer";
				COPY_PHASE_STRIP = NO;
				DEBUG_INFORMATION_FORMAT = dwarf;
				ENABLE_STRICT_OBJC_MSGSEND = YES;
				ENABLE_TESTABILITY = YES;
				GCC_C_LANGUAGE_STANDARD = gnu11;
				GCC_DYNAMIC_NO_PIC = NO;
				GCC_NO_COMMON_BLOCKS = YES;
				GCC_OPTIMIZATION_LEVEL = 0;
				GCC_PREPROCESSOR_DEFINITIONS = (
					"DEBUG=1",
					"$(inherited)",
				);
				GCC_WARN_64_TO_32_BIT_CONVERSION = YES;
				GCC_WARN_ABOUT_RETURN_TYPE = YES_ERROR;
				GCC_WARN_UNDECLARED_SELECTOR = YES;
				GCC_WARN_UNINITIALIZED_AUTOS = YES_AGGRESSIVE;
				GCC_WARN_UNUSED_FUNCTION = YES;
				GCC_WARN_UNUSED_VARIABLE = YES;
				IPHONEOS_DEPLOYMENT_TARGET = 9.3;
				MTL_ENABLE_DEBUG_INFO = YES;
				ONLY_ACTIVE_ARCH = YES;
				SDKROOT = iphoneos;
				SWIFT_ACTIVE_COMPILATION_CONDITIONS = DEBUG;
				SWIFT_OPTIMIZATION_LEVEL = "-Onone";
			};
			name = Debug;
		};
		C4F009A41FCD15BB00A23068 /* Release */ = {
			isa = XCBuildConfiguration;
			buildSettings = {
				ALWAYS_SEARCH_USER_PATHS = NO;
				CLANG_ANALYZER_NONNULL = YES;
				CLANG_ANALYZER_NUMBER_OBJECT_CONVERSION = YES_AGGRESSIVE;
				CLANG_CXX_LANGUAGE_STANDARD = "gnu++14";
				CLANG_CXX_LIBRARY = "libc++";
				CLANG_ENABLE_MODULES = YES;
				CLANG_ENABLE_OBJC_ARC = YES;
				CLANG_WARN_BLOCK_CAPTURE_AUTORELEASING = YES;
				CLANG_WARN_BOOL_CONVERSION = YES;
				CLANG_WARN_COMMA = YES;
				CLANG_WARN_CONSTANT_CONVERSION = YES;
				CLANG_WARN_DEPRECATED_OBJC_IMPLEMENTATIONS = YES;
				CLANG_WARN_DIRECT_OBJC_ISA_USAGE = YES_ERROR;
				CLANG_WARN_DOCUMENTATION_COMMENTS = YES;
				CLANG_WARN_EMPTY_BODY = YES;
				CLANG_WARN_ENUM_CONVERSION = YES;
				CLANG_WARN_INFINITE_RECURSION = YES;
				CLANG_WARN_INT_CONVERSION = YES;
				CLANG_WARN_NON_LITERAL_NULL_CONVERSION = YES;
				CLANG_WARN_OBJC_IMPLICIT_RETAIN_SELF = YES;
				CLANG_WARN_OBJC_LITERAL_CONVERSION = YES;
				CLANG_WARN_OBJC_ROOT_CLASS = YES_ERROR;
				CLANG_WARN_RANGE_LOOP_ANALYSIS = YES;
				CLANG_WARN_STRICT_PROTOTYPES = YES;
				CLANG_WARN_SUSPICIOUS_MOVE = YES;
				CLANG_WARN_UNGUARDED_AVAILABILITY = YES_AGGRESSIVE;
				CLANG_WARN_UNREACHABLE_CODE = YES;
				CLANG_WARN__DUPLICATE_METHOD_MATCH = YES;
				CODE_SIGN_IDENTITY = "iPhone Developer";
				COPY_PHASE_STRIP = NO;
				DEBUG_INFORMATION_FORMAT = "dwarf-with-dsym";
				ENABLE_NS_ASSERTIONS = NO;
				ENABLE_STRICT_OBJC_MSGSEND = YES;
				GCC_C_LANGUAGE_STANDARD = gnu11;
				GCC_NO_COMMON_BLOCKS = YES;
				GCC_WARN_64_TO_32_BIT_CONVERSION = YES;
				GCC_WARN_ABOUT_RETURN_TYPE = YES_ERROR;
				GCC_WARN_UNDECLARED_SELECTOR = YES;
				GCC_WARN_UNINITIALIZED_AUTOS = YES_AGGRESSIVE;
				GCC_WARN_UNUSED_FUNCTION = YES;
				GCC_WARN_UNUSED_VARIABLE = YES;
				IPHONEOS_DEPLOYMENT_TARGET = 9.3;
				MTL_ENABLE_DEBUG_INFO = NO;
				SDKROOT = iphoneos;
				SWIFT_OPTIMIZATION_LEVEL = "-Owholemodule";
				VALIDATE_PRODUCT = YES;
			};
			name = Release;
		};
		C4F009A61FCD15BB00A23068 /* Debug */ = {
			isa = XCBuildConfiguration;
			baseConfigurationReference = CC38C441F499E58F8EEB4311 /* Pods-SwiftAdvanceDemos.debug.xcconfig */;
			buildSettings = {
				ASSETCATALOG_COMPILER_APPICON_NAME = AppIcon;
				CODE_SIGN_STYLE = Automatic;
				DEVELOPMENT_TEAM = NXUQZ8YP3C;
				INFOPLIST_FILE = SwiftAdvanceDemos/Info.plist;
				IPHONEOS_DEPLOYMENT_TARGET = 9.3;
				LD_RUNPATH_SEARCH_PATHS = "$(inherited) @executable_path/Frameworks";
				PRODUCT_BUNDLE_IDENTIFIER = com.evilGoose.SwiftAdvanceDemos;
				PRODUCT_NAME = "$(TARGET_NAME)";
				SWIFT_VERSION = 4.0;
				TARGETED_DEVICE_FAMILY = "1,2";
			};
			name = Debug;
		};
		C4F009A71FCD15BB00A23068 /* Release */ = {
			isa = XCBuildConfiguration;
			baseConfigurationReference = A4295BE8D70C1BB4C3943E0D /* Pods-SwiftAdvanceDemos.release.xcconfig */;
			buildSettings = {
				ASSETCATALOG_COMPILER_APPICON_NAME = AppIcon;
				CODE_SIGN_STYLE = Automatic;
				DEVELOPMENT_TEAM = NXUQZ8YP3C;
				INFOPLIST_FILE = SwiftAdvanceDemos/Info.plist;
				IPHONEOS_DEPLOYMENT_TARGET = 9.3;
				LD_RUNPATH_SEARCH_PATHS = "$(inherited) @executable_path/Frameworks";
				PRODUCT_BUNDLE_IDENTIFIER = com.evilGoose.SwiftAdvanceDemos;
				PRODUCT_NAME = "$(TARGET_NAME)";
				SWIFT_VERSION = 4.0;
				TARGETED_DEVICE_FAMILY = "1,2";
			};
			name = Release;
		};
/* End XCBuildConfiguration section */

/* Begin XCConfigurationList section */
		C4F0098E1FCD15BB00A23068 /* Build configuration list for PBXProject "SwiftAdvanceDemos" */ = {
			isa = XCConfigurationList;
			buildConfigurations = (
				C4F009A31FCD15BB00A23068 /* Debug */,
				C4F009A41FCD15BB00A23068 /* Release */,
			);
			defaultConfigurationIsVisible = 0;
			defaultConfigurationName = Release;
		};
		C4F009A51FCD15BB00A23068 /* Build configuration list for PBXNativeTarget "SwiftAdvanceDemos" */ = {
			isa = XCConfigurationList;
			buildConfigurations = (
				C4F009A61FCD15BB00A23068 /* Debug */,
				C4F009A71FCD15BB00A23068 /* Release */,
			);
			defaultConfigurationIsVisible = 0;
			defaultConfigurationName = Release;
		};
/* End XCConfigurationList section */
	};
	rootObject = C4F0098B1FCD15BB00A23068 /* Project object */;
}
